
Microsoft Visual Studio Solution File, Format Version 12.00
# Visual Studio Version 16
VisualStudioVersion = 16.0.31005.135
MinimumVisualStudioVersion = 10.0.40219.1
Project("{9A19103F-16F7-4668-BE54-9A1E7A4F7556}") = "SpeakPet", "SpeakPet\SpeakPet.csproj", "{036F82E6-F972-4ABE-BD00-B37A46B96B19}"
EndProject
Project("{9A19103F-16F7-4668-BE54-9A1E7A4F7556}") = "SpeakPet.Dominio", "SpeakPet.Dominio\SpeakPet.Dominio.csproj", "{5E1F03E2-7177-4C1D-9795-9AD10926F4BB}"
EndProject
Project("{9A19103F-16F7-4668-BE54-9A1E7A4F7556}") = "SpeakPet.Servicos", "SpeakPet.Services\SpeakPet.Servicos.csproj", "{1201D172-8C81-4A65-9DC2-D8EDC4E72C41}"
EndProject
Project("{9A19103F-16F7-4668-BE54-9A1E7A4F7556}") = "SpeakPet.DAO", "SpeakPet.DAO\SpeakPet.DAO.csproj", "{29CCB239-8F7F-4E24-B0F7-D39C3CF24231}"
EndProject
Global
	GlobalSection(SolutionConfigurationPlatforms) = preSolution
		Debug|Any CPU = Debug|Any CPU
		Release|Any CPU = Release|Any CPU
	EndGlobalSection
	GlobalSection(ProjectConfigurationPlatforms) = postSolution
		{036F82E6-F972-4ABE-BD00-B37A46B96B19}.Debug|Any CPU.ActiveCfg = Debug|Any CPU
		{036F82E6-F972-4ABE-BD00-B37A46B96B19}.Debug|Any CPU.Build.0 = Debug|Any CPU
		{036F82E6-F972-4ABE-BD00-B37A46B96B19}.Release|Any CPU.ActiveCfg = Release|Any CPU
		{036F82E6-F972-4ABE-BD00-B37A46B96B19}.Release|Any CPU.Build.0 = Release|Any CPU
		{5E1F03E2-7177-4C1D-9795-9AD10926F4BB}.Debug|Any CPU.ActiveCfg = Debug|Any CPU
		{5E1F03E2-7177-4C1D-9795-9AD10926F4BB}.Debug|Any CPU.Build.0 = Debug|Any CPU
		{5E1F03E2-7177-4C1D-9795-9AD10926F4BB}.Release|Any CPU.ActiveCfg = Release|Any CPU
		{5E1F03E2-7177-4C1D-9795-9AD10926F4BB}.Release|Any CPU.Build.0 = Release|Any CPU
		{1201D172-8C81-4A65-9DC2-D8EDC4E72C41}.Debug|Any CPU.ActiveCfg = Debug|Any CPU
		{1201D172-8C81-4A65-9DC2-D8EDC4E72C41}.Debug|Any CPU.Build.0 = Debug|Any CPU
		{1201D172-8C81-4A65-9DC2-D8EDC4E72C41}.Release|Any CPU.ActiveCfg = Release|Any CPU
		{1201D172-8C81-4A65-9DC2-D8EDC4E72C41}.Release|Any CPU.Build.0 = Release|Any CPU
		{29CCB239-8F7F-4E24-B0F7-D39C3CF24231}.Debug|Any CPU.ActiveCfg = Debug|Any CPU
		{29CCB239-8F7F-4E24-B0F7-D39C3CF24231}.Debug|Any CPU.Build.0 = Debug|Any CPU
		{29CCB239-8F7F-4E24-B0F7-D39C3CF24231}.Release|Any CPU.ActiveCfg = Release|Any CPU
		{29CCB239-8F7F-4E24-B0F7-D39C3CF24231}.Release|Any CPU.Build.0 = Release|Any CPU
	EndGlobalSection
	GlobalSection(SolutionProperties) = preSolution
		HideSolutionNode = FALSE
	EndGlobalSection
	GlobalSection(ExtensibilityGlobals) = postSolution
		SolutionGuid = {7A3AEEDE-FBAD-4F2D-B05E-8BC041994798}
	EndGlobalSection
EndGlobal
